lockfileVersion: '6.0'

settings:
  autoInstallPeers: true
  excludeLinksFromLockfile: false

dependencies:
  '@discord/embedded-app-sdk':
    specifier: ^1.2.0
    version: 1.2.0

packages:

  /@discord/embedded-app-sdk@1.2.0:
    resolution: {integrity: sha512-aXSapM0ZCvckn/1m80noEeGlVoMatmKETnGT8VtRlwEPrW7gdSUeQ7LhcUUKin+DKdU22Mna3yNZfaXtocdmcg==}
    dependencies:
      '@types/lodash.transform': 4.6.9
      '@types/uuid': 9.0.8
      big-integer: 1.6.48
      decimal.js-light: 2.5.0
      eventemitter3: 4.0.7
      lodash.transform: 4.6.0
      uuid: 9.0.1
      zod: 3.23.8
    dev: false

  /@types/lodash.transform@4.6.9:
    resolution: {integrity: sha512-1iIn+l7Vrj8hsr2iZLtxRkcV9AtjTafIyxKO9DX2EEcdOgz3Op5dhwKQFhMJgdfIRbYHBUF+SU97Y6P+zyLXNg==}
    dependencies:
      '@types/lodash': 4.17.5
    dev: false

  /@types/lodash@4.17.5:
    resolution: {integrity: sha512-MBIOHVZqVqgfro1euRDWX7OO0fBVUUMrN6Pwm8LQsz8cWhEpihlvR70ENj3f40j58TNxZaWv2ndSkInykNBBJw==}
    dev: false

  /@types/uuid@9.0.8:
    resolution: {integrity: sha512-jg+97EGIcY9AGHJJRaaPVgetKDsrTgbRjQ5Msgjh/DQKEFl0DtyRr/VCOyD1T2R1MNeWPK/u7JoGhlDZnKBAfA==}
    dev: false

  /big-integer@1.6.48:
    resolution: {integrity: sha512-j51egjPa7/i+RdiRuJbPdJ2FIUYYPhvYLjzoYbcMMm62ooO6F94fETG4MTs46zPAF9Brs04OajboA/qTGuz78w==}
    engines: {node: '>=0.6'}
    dev: false

  /decimal.js-light@2.5.0:
    resolution: {integrity: sha512-b3VJCbd2hwUpeRGG3Toob+CRo8W22xplipNhP3tN7TSVB/cyMX71P1vM2Xjc9H74uV6dS2hDDmo/rHq8L87Upg==}
    dev: false

  /eventemitter3@4.0.7:
    resolution: {integrity: sha512-8guHBZCwKnFhYdHr2ysuRWErTwhoN2X8XELRlrRwpmfeY2jjuUN4taQMsULKUVo1K4DvZl+0pgfyoysHxvmvEw==}
    dev: false

  /lodash.transform@4.6.0:
    resolution: {integrity: sha512-LO37ZnhmBVx0GvOU/caQuipEh4GN82TcWv3yHlebGDgOxbxiwwzW5Pcx2AcvpIv2WmvmSMoC492yQFNhy/l/UQ==}
    dev: false

  /uuid@9.0.1:
    resolution: {integrity: sha512-b+1eJOlsR9K8HJpow9Ok3fiWOWSIcIzXodvv0rQjVoOVNpWMpxf1wZNpt4y9h10odCNrqnYp1OBzRktckBe3sA==}
    hasBin: true
    dev: false

  /zod@3.23.8:
    resolution: {integrity: sha512-XBx9AXhXktjUqnepgTiE5flcKIYWi/rme0Eaj+5Y0lftuGBq+jyRu/md4WnuxqgP1ubdpNCsYEYPxrzVHD8d6g==}
    dev: false
